# This file is automatically @generated by Cargo.
# It is not intended for manual editing.
version = 4

[[package]]
name = "aho-corasick"
version = "1.1.4"
source = "registry+https://github.com/rust-lang/crates.io-index"
checksum = "ddd31a130427c27518df266943a5308ed92d4b226cc639f5a8f1002816174301"
dependencies = [
 "memchr",
]

[[package]]
name = "block-buffer"
version = "0.10.4"
source = "registry+https://github.com/rust-lang/crates.io-index"
checksum = "3078c7629b62d3f0439517fa394996acacc5cbc91c5a20d8c658e77abd503a71"
dependencies = [
 "generic-array",
]

[[package]]
name = "cfg-if"
version = "1.0.4"
source = "registry+https://github.com/rust-lang/crates.io-index"
checksum = "9330f8b2ff13f34540b44e946ef35111825727b38d33286ef986142615121801"

[[package]]
name = "cpufeatures"
version = "0.2.17"
source = "registry+https://github.com/rust-lang/crates.io-index"
checksum = "59ed5838eebb26a2bb2e58f6d5b5316989ae9d08bab10e0e6d103e656d1b0280"
dependencies = [
 "libc",
]

[[package]]
name = "crypto-common"
version = "0.1.7"
source = "registry+https://github.com/rust-lang/crates.io-index"
checksum = "78c8292055d1c1df0cce5d180393dc8cce0abec0a7102adb6c7b1eef6016d60a"
dependencies = [
 "generic-array",
 "typenum",
]

[[package]]
name = "curve25519-dalek"
version = "4.1.3"
source = "registry+https://github.com/rust-lang/crates.io-index"
checksum = "97fb8b7c4503de7d6ae7b42ab72a5a59857b4c937ec27a3d4539dba95b5ab2be"
dependencies = [
 "cfg-if",
 "cpufeatures",
 "curve25519-dalek-derive",
 "digest",
 "fiat-crypto",
 "rand_core",
 "rustc_version",
 "subtle",
 "zeroize",
]

[[package]]
name = "curve25519-dalek-derive"
version = "0.1.1"
source = "registry+https://github.com/rust-lang/crates.io-index"
checksum = "f46882e17999c6cc590af592290432be3bce0428cb0d5f8b6715e4dc7b383eb3"
dependencies = [
 "proc-macro2",
 "quote",
 "syn 2.0.117",
]

[[package]]
name = "digest"
version = "0.10.7"
source = "registry+https://github.com/rust-lang/crates.io-index"
checksum = "9ed9a281f7bc9b7576e61468ba615a66a5c8cfdff42420a70aa82701a3b1e292"
dependencies = [
 "block-buffer",
 "crypto-common",
]

[[package]]
name = "fiat-crypto"
version = "0.2.9"
source = "registry+https://github.com/rust-lang/crates.io-index"
checksum = "28dea519a9695b9977216879a3ebfddf92f1c08c05d984f8996aecd6ecdc811d"

[[package]]
name = "five8"
version = "1.0.0"
source = "registry+https://github.com/rust-lang/crates.io-index"
checksum = "23f76610e969fa1784327ded240f1e28a3fd9520c9cec93b636fcf62dd37f772"
dependencies = [
 "five8_core",
]

[[package]]
name = "five8_const"
version = "1.0.0"
source = "registry+https://github.com/rust-lang/crates.io-index"
checksum = "1a0f1728185f277989ca573a402716ae0beaaea3f76a8ff87ef9dd8fb19436c5"
dependencies = [
 "five8_core",
]

[[package]]
name = "five8_core"
version = "1.0.0"
source = "registry+https://github.com/rust-lang/crates.io-index"
checksum = "059c31d7d36c43fe39d89e55711858b4da8be7eb6dabac23c7289b1a19489406"

[[package]]
name = "generic-array"
version = "0.14.7"
source = "registry+https://github.com/rust-lang/crates.io-index"
checksum = "85649ca51fd72272d7821adaf274ad91c288277713d9c18820d8499a7ff69e9a"
dependencies = [
 "typenum",
 "version_check",
]

[[package]]
name = "libc"
version = "0.2.182"
source = "registry+https://github.com/rust-lang/crates.io-index"
checksum = "6800badb6cb2082ffd7b6a67e6125bb39f18782f793520caee8cb8846be06112"

[[package]]
name = "memchr"
version = "2.8.0"
source = "registry+https://github.com/rust-lang/crates.io-index"
checksum = "f8ca58f447f06ed17d5fc4043ce1b10dd205e060fb3ce5b979b8ed8e59ff3f79"

[[package]]
name = "midprice_book_view"
version = "0.1.0"

[[package]]
name = "midprice_pino"
version = "0.1.0"
dependencies = [
 "midprice_book_view",
 "pinocchio",
 "pinocchio-log",
 "solana-account-view",
 "solana-address",
 "solana-pubkey",
]

[[package]]
name = "pinocchio"
version = "0.10.2"
source = "registry+https://github.com/rust-lang/crates.io-index"
checksum = "c06810dac15a4ef83d3dabdb4f2f22fb39c9adff669cd2781da4f716510a647c"
dependencies = [
 "solana-account-view",
 "solana-address",
 "solana-define-syscall 4.0.1",
 "solana-instruction-view",
 "solana-program-error",
]

[[package]]
name = "pinocchio-log"
version = "0.5.1"
source = "registry+https://github.com/rust-lang/crates.io-index"
checksum = "cd11022408f312e6179ece321c1f7dc0d1b2aa7765fddd39b2a7378d65a899e8"
dependencies = [
 "pinocchio-log-macro",
]

[[package]]
name = "pinocchio-log-macro"
version = "0.5.0"
source = "registry+https://github.com/rust-lang/crates.io-index"
checksum = "69fb52edb3c5736b044cc462b0957b9767d0f574d138f4e2761438c498a4b467"
dependencies = [
 "quote",
 "regex",
 "syn 1.0.109",
]

[[package]]
name = "proc-macro2"
version = "1.0.106"
source = "registry+https://github.com/rust-lang/crates.io-index"
checksum = "8fd00f0bb2e90d81d1044c2b32617f68fcb9fa3bb7640c23e9c748e53fb30934"
dependencies = [
 "unicode-ident",
]

[[package]]
name = "quote"
version = "1.0.44"
source = "registry+https://github.com/rust-lang/crates.io-index"
checksum = "21b2ebcf727b7760c461f091f9f0f539b77b8e87f2fd88131e7f1b433b3cece4"
dependencies = [
 "proc-macro2",
]

[[package]]
name = "rand_core"
version = "0.6.4"
source = "registry+https://github.com/rust-lang/crates.io-index"
checksum = "ec0be4795e2f6a28069bec0b5ff3e2ac9bafc99e6a9a7dc3547996c5c816922c"

[[package]]
name = "regex"
version = "1.12.3"
source = "registry+https://github.com/rust-lang/crates.io-index"
checksum = "e10754a14b9137dd7b1e3e5b0493cc9171fdd105e0ab477f51b72e7f3ac0e276"
dependencies = [
 "aho-corasick",
 "memchr",
 "regex-automata",
 "regex-syntax",
]

[[package]]
name = "regex-automata"
version = "0.4.14"
source = "registry+https://github.com/rust-lang/crates.io-index"
checksum = "6e1dd4122fc1595e8162618945476892eefca7b88c52820e74af6262213cae8f"
dependencies = [
 "aho-corasick",
 "memchr",
 "regex-syntax",
]

[[package]]
name = "regex-syntax"
version = "0.8.10"
source = "registry+https://github.com/rust-lang/crates.io-index"
checksum = "dc897dd8d9e8bd1ed8cdad82b5966c3e0ecae09fb1907d58efaa013543185d0a"

[[package]]
name = "rustc_version"
version = "0.4.1"
source = "registry+https://github.com/rust-lang/crates.io-index"
checksum = "cfcb3a22ef46e85b45de6ee7e79d063319ebb6594faafcf1c225ea92ab6e9b92"
dependencies = [
 "semver",
]

[[package]]
name = "semver"
version = "1.0.27"
source = "registry+https://github.com/rust-lang/crates.io-index"
checksum = "d767eb0aabc880b29956c35734170f26ed551a859dbd361d140cdbeca61ab1e2"

[[package]]
name = "sha2"
version = "0.10.9"
source = "registry+https://github.com/rust-lang/crates.io-index"
checksum = "a7507d819769d01a365ab707794a4084392c824f54a7a6a7862f8c3d0892b283"
dependencies = [
 "cfg-if",
 "cpufeatures",
 "digest",
]

[[package]]
name = "sha2-const-stable"
version = "0.1.0"
source = "registry+https://github.com/rust-lang/crates.io-index"
checksum = "5f179d4e11094a893b82fff208f74d448a7512f99f5a0acbd5c679b705f83ed9"

[[package]]
name = "solana-account-view"
version = "1.0.0"
source = "registry+https://github.com/rust-lang/crates.io-index"
checksum = "f37ca34c37f92ee341b73d5ce7c8ef5bb38e9a87955b4bd343c63fa18b149215"
dependencies = [
 "solana-address",
 "solana-program-error",
]

[[package]]
name = "solana-address"
version = "2.2.0"
source = "registry+https://github.com/rust-lang/crates.io-index"
checksum = "68c5d02824391b072dc5cd0aaa85fb0af9784a21d23286a767994d1e8a322131"
dependencies = [
 "curve25519-dalek",
 "five8",
 "five8_const",
 "sha2-const-stable",
 "solana-define-syscall 5.0.0",
 "solana-program-error",
 "solana-sanitize",
 "solana-sha256-hasher",
]

[[package]]
name = "solana-define-syscall"
version = "4.0.1"
source = "registry+https://github.com/rust-lang/crates.io-index"
checksum = "57e5b1c0bc1d4a4d10c88a4100499d954c09d3fecfae4912c1a074dff68b1738"

[[package]]
name = "solana-define-syscall"
version = "5.0.0"
source = "registry+https://github.com/rust-lang/crates.io-index"
checksum = "03aacdd7a61e2109887a7a7f046caebafce97ddf1150f33722eeac04f9039c73"

[[package]]
name = "solana-hash"
version = "4.2.0"
source = "registry+https://github.com/rust-lang/crates.io-index"
checksum = "8064ea1d591ec791be95245058ca40f4f5345d390c200069d0f79bbf55bfae55"

[[package]]
name = "solana-instruction-view"
version = "1.0.0"
source = "registry+https://github.com/rust-lang/crates.io-index"
checksum = "60147e4d0a4620013df40bf30a86dd299203ff12fcb8b593cd51014fce0875d8"
dependencies = [
 "solana-account-view",
 "solana-address",
 "solana-define-syscall 4.0.1",
 "solana-program-error",
]

[[package]]
name = "solana-program-error"
version = "3.0.0"
source = "registry+https://github.com/rust-lang/crates.io-index"
checksum = "a1af32c995a7b692a915bb7414d5f8e838450cf7c70414e763d8abcae7b51f28"

[[package]]
name = "solana-pubkey"
version = "4.1.0"
source = "registry+https://github.com/rust-lang/crates.io-index"
checksum = "1b06bd918d60111ee1f97de817113e2040ca0cedb740099ee8d646233f6b906c"
dependencies = [
 "solana-address",
]

[[package]]
name = "solana-sanitize"
version = "3.0.1"
source = "registry+https://github.com/rust-lang/crates.io-index"
checksum = "dcf09694a0fc14e5ffb18f9b7b7c0f15ecb6eac5b5610bf76a1853459d19daf9"

[[package]]
name = "solana-sha256-hasher"
version = "3.1.0"
source = "registry+https://github.com/rust-lang/crates.io-index"
checksum = "db7dc3011ea4c0334aaaa7e7128cb390ecf546b28d412e9bf2064680f57f588f"
dependencies = [
 "sha2",
 "solana-define-syscall 4.0.1",
 "solana-hash",
]

[[package]]
name = "subtle"
version = "2.6.1"
source = "registry+https://github.com/rust-lang/crates.io-index"
checksum = "13c2bddecc57b384dee18652358fb23172facb8a2c51ccc10d74c157bdea3292"

[[package]]
name = "syn"
version = "1.0.109"
source = "registry+https://github.com/rust-lang/crates.io-index"
checksum = "72b64191b275b66ffe2469e8af2c1cfe3bafa67b529ead792a6d0160888b4237"
dependencies = [
 "proc-macro2",
 "quote",
 "unicode-ident",
]

[[package]]
name = "syn"
version = "2.0.117"
source = "registry+https://github.com/rust-lang/crates.io-index"
checksum = "e665b8803e7b1d2a727f4023456bbbbe74da67099c585258af0ad9c5013b9b99"
dependencies = [
 "proc-macro2",
 "quote",
 "unicode-ident",
]

[[package]]
name = "typenum"
version = "1.19.0"
source = "registry+https://github.com/rust-lang/crates.io-index"
checksum = "562d481066bde0658276a35467c4af00bdc6ee726305698a55b86e61d7ad82bb"

[[package]]
name = "unicode-ident"
version = "1.0.24"
source = "registry+https://github.com/rust-lang/crates.io-index"
checksum = "e6e4313cd5fcd3dad5cafa179702e2b244f760991f45397d14d4ebf38247da75"

[[package]]
name = "version_check"
version = "0.9.5"
source = "registry+https://github.com/rust-lang/crates.io-index"
checksum = "0b928f33d975fc6ad9f86c8f283853ad26bdd5b10b7f1542aa2fa15e2289105a"

[[package]]
name = "zeroize"
version = "1.8.2"
source = "registry+https://github.com/rust-lang/crates.io-index"
checksum = "b97154e67e32c85465826e8bcc1c59429aaaf107c1e4a9e53c8d8ccd5eff88d0"
