{
	"name": "@drift/common",
	"version": "1.0.0",
	"lockfileVersion": 1,
	"requires": true,
	"dependencies": {
		"@moet/sdk": {
			"version": "file:../sdk",
			"requires": {
				"@project-serum/anchor": "^0.16.1",
				"@pythnetwork/client": "^2.2.0",
				"@slack/web-api": "^6.4.0",
				"@solana/spl-token": "^0.1.6",
				"@solana/web3.js": "^1.22.0",
				"@types/bn.js": "^5.1.0",
				"ccxt": "^1.57.77",
				"ccxws": "^0.46.1",
				"strict-event-emitter-types": "^2.0.0"
			},
			"dependencies": {
				"@babel/runtime": {
					"version": "7.15.4",
					"requires": {
						"regenerator-runtime": "^0.13.4"
					}
				},
				"@project-serum/anchor": {
					"version": "0.16.2",
					"requires": {
						"@project-serum/borsh": "^0.2.2",
						"@solana/web3.js": "^1.17.0",
						"base64-js": "^1.5.1",
						"bn.js": "^5.1.2",
						"bs58": "^4.0.1",
						"buffer-layout": "^1.2.0",
						"camelcase": "^5.3.1",
						"crypto-hash": "^1.3.0",
						"eventemitter3": "^4.0.7",
						"find": "^0.3.0",
						"js-sha256": "^0.9.0",
						"pako": "^2.0.3",
						"snake-case": "^3.0.4",
						"toml": "^3.0.0"
					}
				},
				"@project-serum/borsh": {
					"version": "0.2.2",
					"requires": {
						"bn.js": "^5.1.2",
						"buffer-layout": "^1.2.0"
					}
				},
				"@pythnetwork/client": {
					"version": "2.3.2",
					"requires": {
						"@solana/web3.js": "^1.10.1",
						"assert": "^2.0.0",
						"buffer": "^6.0.1"
					}
				},
				"@slack/logger": {
					"version": "3.0.0",
					"requires": {
						"@types/node": ">=12.0.0"
					}
				},
				"@slack/types": {
					"version": "2.2.0"
				},
				"@slack/web-api": {
					"version": "6.4.0",
					"requires": {
						"@slack/logger": "^3.0.0",
						"@slack/types": "^2.0.0",
						"@types/is-stream": "^1.1.0",
						"@types/node": ">=12.0.0",
						"axios": "^0.21.1",
						"eventemitter3": "^3.1.0",
						"form-data": "^2.5.0",
						"is-electron": "^2.2.0",
						"is-stream": "^1.1.0",
						"p-queue": "^6.6.1",
						"p-retry": "^4.0.0"
					},
					"dependencies": {
						"eventemitter3": {
							"version": "3.1.2"
						}
					}
				},
				"@solana/buffer-layout": {
					"version": "3.0.0",
					"requires": {
						"buffer": "~6.0.3"
					}
				},
				"@solana/spl-token": {
					"version": "0.1.8",
					"requires": {
						"@babel/runtime": "^7.10.5",
						"@solana/web3.js": "^1.21.0",
						"bn.js": "^5.1.0",
						"buffer": "6.0.3",
						"buffer-layout": "^1.2.0",
						"dotenv": "10.0.0"
					}
				},
				"@solana/web3.js": {
					"version": "1.29.2",
					"requires": {
						"@babel/runtime": "^7.12.5",
						"@solana/buffer-layout": "^3.0.0",
						"bn.js": "^5.0.0",
						"borsh": "^0.4.0",
						"bs58": "^4.0.1",
						"buffer": "6.0.1",
						"cross-fetch": "^3.1.4",
						"crypto-hash": "^1.2.2",
						"jayson": "^3.4.4",
						"js-sha3": "^0.8.0",
						"rpc-websockets": "^7.4.2",
						"secp256k1": "^4.0.2",
						"superstruct": "^0.14.2",
						"tweetnacl": "^1.0.0"
					},
					"dependencies": {
						"buffer": {
							"version": "6.0.1",
							"requires": {
								"base64-js": "^1.3.1",
								"ieee754": "^1.2.1"
							}
						}
					}
				},
				"@types/bn.js": {
					"version": "5.1.0",
					"requires": {
						"@types/node": "*"
					}
				},
				"@types/connect": {
					"version": "3.4.35",
					"requires": {
						"@types/node": "*"
					}
				},
				"@types/express-serve-static-core": {
					"version": "4.17.24",
					"requires": {
						"@types/node": "*",
						"@types/qs": "*",
						"@types/range-parser": "*"
					}
				},
				"@types/is-stream": {
					"version": "1.1.0",
					"requires": {
						"@types/node": "*"
					}
				},
				"@types/lodash": {
					"version": "4.14.175"
				},
				"@types/node": {
					"version": "16.10.3"
				},
				"@types/qs": {
					"version": "6.9.7"
				},
				"@types/range-parser": {
					"version": "1.2.4"
				},
				"@types/retry": {
					"version": "0.12.1"
				},
				"@types/ws": {
					"version": "7.4.7",
					"requires": {
						"@types/node": "*"
					}
				},
				"JSONStream": {
					"version": "1.3.5",
					"requires": {
						"jsonparse": "^1.2.0",
						"through": ">=2.2.7 <3"
					}
				},
				"assert": {
					"version": "2.0.0",
					"requires": {
						"es6-object-assign": "^1.1.0",
						"is-nan": "^1.2.1",
						"object-is": "^1.0.1",
						"util": "^0.12.0"
					}
				},
				"asynckit": {
					"version": "0.4.0"
				},
				"available-typed-arrays": {
					"version": "1.0.5"
				},
				"axios": {
					"version": "0.21.4",
					"requires": {
						"follow-redirects": "^1.14.0"
					}
				},
				"base-x": {
					"version": "3.0.8",
					"requires": {
						"safe-buffer": "^5.0.1"
					}
				},
				"base64-js": {
					"version": "1.5.1"
				},
				"bn.js": {
					"version": "5.2.0"
				},
				"borsh": {
					"version": "0.4.0",
					"requires": {
						"@types/bn.js": "^4.11.5",
						"bn.js": "^5.0.0",
						"bs58": "^4.0.0",
						"text-encoding-utf-8": "^1.0.2"
					},
					"dependencies": {
						"@types/bn.js": {
							"version": "4.11.6",
							"requires": {
								"@types/node": "*"
							}
						}
					}
				},
				"brorand": {
					"version": "1.1.0"
				},
				"bs58": {
					"version": "4.0.1",
					"requires": {
						"base-x": "^3.0.2"
					}
				},
				"buffer": {
					"version": "6.0.3",
					"requires": {
						"base64-js": "^1.3.1",
						"ieee754": "^1.2.1"
					}
				},
				"buffer-layout": {
					"version": "1.2.2"
				},
				"bufferutil": {
					"version": "4.0.4",
					"optional": true,
					"requires": {
						"node-gyp-build": "^4.2.0"
					}
				},
				"call-bind": {
					"version": "1.0.2",
					"requires": {
						"function-bind": "^1.1.1",
						"get-intrinsic": "^1.0.2"
					}
				},
				"camelcase": {
					"version": "5.3.1"
				},
				"ccxt": {
					"version": "1.57.77"
				},
				"ccxws": {
					"version": "0.46.1",
					"requires": {
						"crc": "^3.8.0",
						"decimal.js": "^10.2.0",
						"moment": "^2.26.0",
						"pusher-js": "^4.4.0",
						"semaphore": "^1.1.0",
						"ws": "^7.3.0"
					}
				},
				"circular-json": {
					"version": "0.5.9"
				},
				"combined-stream": {
					"version": "1.0.8",
					"requires": {
						"delayed-stream": "~1.0.0"
					}
				},
				"commander": {
					"version": "2.20.3"
				},
				"crc": {
					"version": "3.8.0",
					"requires": {
						"buffer": "^5.1.0"
					},
					"dependencies": {
						"buffer": {
							"version": "5.7.1",
							"requires": {
								"base64-js": "^1.3.1",
								"ieee754": "^1.1.13"
							}
						}
					}
				},
				"cross-fetch": {
					"version": "3.1.4",
					"requires": {
						"node-fetch": "2.6.1"
					}
				},
				"crypto-hash": {
					"version": "1.3.0"
				},
				"decimal.js": {
					"version": "10.3.1"
				},
				"define-properties": {
					"version": "1.1.3",
					"requires": {
						"object-keys": "^1.0.12"
					}
				},
				"delay": {
					"version": "5.0.0"
				},
				"delayed-stream": {
					"version": "1.0.0"
				},
				"dot-case": {
					"version": "3.0.4",
					"requires": {
						"no-case": "^3.0.4",
						"tslib": "^2.0.3"
					}
				},
				"dotenv": {
					"version": "10.0.0"
				},
				"elliptic": {
					"version": "6.5.4",
					"requires": {
						"bn.js": "^4.11.9",
						"brorand": "^1.1.0",
						"hash.js": "^1.0.0",
						"hmac-drbg": "^1.0.1",
						"inherits": "^2.0.4",
						"minimalistic-assert": "^1.0.1",
						"minimalistic-crypto-utils": "^1.0.1"
					},
					"dependencies": {
						"bn.js": {
							"version": "4.12.0"
						}
					}
				},
				"es-abstract": {
					"version": "1.19.1",
					"requires": {
						"call-bind": "^1.0.2",
						"es-to-primitive": "^1.2.1",
						"function-bind": "^1.1.1",
						"get-intrinsic": "^1.1.1",
						"get-symbol-description": "^1.0.0",
						"has": "^1.0.3",
						"has-symbols": "^1.0.2",
						"internal-slot": "^1.0.3",
						"is-callable": "^1.2.4",
						"is-negative-zero": "^2.0.1",
						"is-regex": "^1.1.4",
						"is-shared-array-buffer": "^1.0.1",
						"is-string": "^1.0.7",
						"is-weakref": "^1.0.1",
						"object-inspect": "^1.11.0",
						"object-keys": "^1.1.1",
						"object.assign": "^4.1.2",
						"string.prototype.trimend": "^1.0.4",
						"string.prototype.trimstart": "^1.0.4",
						"unbox-primitive": "^1.0.1"
					}
				},
				"es-to-primitive": {
					"version": "1.2.1",
					"requires": {
						"is-callable": "^1.1.4",
						"is-date-object": "^1.0.1",
						"is-symbol": "^1.0.2"
					}
				},
				"es6-object-assign": {
					"version": "1.1.0"
				},
				"es6-promise": {
					"version": "4.2.8"
				},
				"es6-promisify": {
					"version": "5.0.0",
					"requires": {
						"es6-promise": "^4.0.3"
					}
				},
				"eventemitter3": {
					"version": "4.0.7"
				},
				"eyes": {
					"version": "0.1.8"
				},
				"faye-websocket": {
					"version": "0.9.4",
					"requires": {
						"websocket-driver": ">=0.5.1"
					}
				},
				"find": {
					"version": "0.3.0",
					"requires": {
						"traverse-chain": "~0.1.0"
					}
				},
				"follow-redirects": {
					"version": "1.14.4"
				},
				"foreach": {
					"version": "2.0.5"
				},
				"form-data": {
					"version": "2.5.1",
					"requires": {
						"asynckit": "^0.4.0",
						"combined-stream": "^1.0.6",
						"mime-types": "^2.1.12"
					}
				},
				"function-bind": {
					"version": "1.1.1"
				},
				"get-intrinsic": {
					"version": "1.1.1",
					"requires": {
						"function-bind": "^1.1.1",
						"has": "^1.0.3",
						"has-symbols": "^1.0.1"
					}
				},
				"get-symbol-description": {
					"version": "1.0.0",
					"requires": {
						"call-bind": "^1.0.2",
						"get-intrinsic": "^1.1.1"
					}
				},
				"has": {
					"version": "1.0.3",
					"requires": {
						"function-bind": "^1.1.1"
					}
				},
				"has-bigints": {
					"version": "1.0.1"
				},
				"has-symbols": {
					"version": "1.0.2"
				},
				"has-tostringtag": {
					"version": "1.0.0",
					"requires": {
						"has-symbols": "^1.0.2"
					}
				},
				"hash.js": {
					"version": "1.1.7",
					"requires": {
						"inherits": "^2.0.3",
						"minimalistic-assert": "^1.0.1"
					}
				},
				"hmac-drbg": {
					"version": "1.0.1",
					"requires": {
						"hash.js": "^1.0.3",
						"minimalistic-assert": "^1.0.0",
						"minimalistic-crypto-utils": "^1.0.1"
					}
				},
				"http-parser-js": {
					"version": "0.5.3"
				},
				"ieee754": {
					"version": "1.2.1"
				},
				"inherits": {
					"version": "2.0.4"
				},
				"internal-slot": {
					"version": "1.0.3",
					"requires": {
						"get-intrinsic": "^1.1.0",
						"has": "^1.0.3",
						"side-channel": "^1.0.4"
					}
				},
				"is-arguments": {
					"version": "1.1.1",
					"requires": {
						"call-bind": "^1.0.2",
						"has-tostringtag": "^1.0.0"
					}
				},
				"is-bigint": {
					"version": "1.0.4",
					"requires": {
						"has-bigints": "^1.0.1"
					}
				},
				"is-boolean-object": {
					"version": "1.1.2",
					"requires": {
						"call-bind": "^1.0.2",
						"has-tostringtag": "^1.0.0"
					}
				},
				"is-callable": {
					"version": "1.2.4"
				},
				"is-date-object": {
					"version": "1.0.5",
					"requires": {
						"has-tostringtag": "^1.0.0"
					}
				},
				"is-electron": {
					"version": "2.2.0"
				},
				"is-generator-function": {
					"version": "1.0.10",
					"requires": {
						"has-tostringtag": "^1.0.0"
					}
				},
				"is-nan": {
					"version": "1.3.2",
					"requires": {
						"call-bind": "^1.0.0",
						"define-properties": "^1.1.3"
					}
				},
				"is-negative-zero": {
					"version": "2.0.1"
				},
				"is-number-object": {
					"version": "1.0.6",
					"requires": {
						"has-tostringtag": "^1.0.0"
					}
				},
				"is-regex": {
					"version": "1.1.4",
					"requires": {
						"call-bind": "^1.0.2",
						"has-tostringtag": "^1.0.0"
					}
				},
				"is-shared-array-buffer": {
					"version": "1.0.1"
				},
				"is-stream": {
					"version": "1.1.0"
				},
				"is-string": {
					"version": "1.0.7",
					"requires": {
						"has-tostringtag": "^1.0.0"
					}
				},
				"is-symbol": {
					"version": "1.0.4",
					"requires": {
						"has-symbols": "^1.0.2"
					}
				},
				"is-typed-array": {
					"version": "1.1.8",
					"requires": {
						"available-typed-arrays": "^1.0.5",
						"call-bind": "^1.0.2",
						"es-abstract": "^1.18.5",
						"foreach": "^2.0.5",
						"has-tostringtag": "^1.0.0"
					}
				},
				"is-weakref": {
					"version": "1.0.1",
					"requires": {
						"call-bind": "^1.0.0"
					}
				},
				"isomorphic-ws": {
					"version": "4.0.1"
				},
				"jayson": {
					"version": "3.6.4",
					"requires": {
						"@types/connect": "^3.4.33",
						"@types/express-serve-static-core": "^4.17.9",
						"@types/lodash": "^4.14.159",
						"@types/node": "^12.12.54",
						"@types/ws": "^7.4.4",
						"JSONStream": "^1.3.5",
						"commander": "^2.20.3",
						"delay": "^5.0.0",
						"es6-promisify": "^5.0.0",
						"eyes": "^0.1.8",
						"isomorphic-ws": "^4.0.1",
						"json-stringify-safe": "^5.0.1",
						"lodash": "^4.17.20",
						"uuid": "^3.4.0",
						"ws": "^7.4.5"
					},
					"dependencies": {
						"@types/node": {
							"version": "12.20.28"
						}
					}
				},
				"js-sha256": {
					"version": "0.9.0"
				},
				"js-sha3": {
					"version": "0.8.0"
				},
				"json-stringify-safe": {
					"version": "5.0.1"
				},
				"jsonparse": {
					"version": "1.3.1"
				},
				"lodash": {
					"version": "4.17.21"
				},
				"lower-case": {
					"version": "2.0.2",
					"requires": {
						"tslib": "^2.0.3"
					}
				},
				"mime-db": {
					"version": "1.50.0"
				},
				"mime-types": {
					"version": "2.1.33",
					"requires": {
						"mime-db": "1.50.0"
					}
				},
				"minimalistic-assert": {
					"version": "1.0.1"
				},
				"minimalistic-crypto-utils": {
					"version": "1.0.1"
				},
				"moment": {
					"version": "2.29.1"
				},
				"no-case": {
					"version": "3.0.4",
					"requires": {
						"lower-case": "^2.0.2",
						"tslib": "^2.0.3"
					}
				},
				"node-addon-api": {
					"version": "2.0.2"
				},
				"node-fetch": {
					"version": "2.6.1"
				},
				"node-gyp-build": {
					"version": "4.3.0"
				},
				"object-inspect": {
					"version": "1.11.0"
				},
				"object-is": {
					"version": "1.1.5",
					"requires": {
						"call-bind": "^1.0.2",
						"define-properties": "^1.1.3"
					}
				},
				"object-keys": {
					"version": "1.1.1"
				},
				"object.assign": {
					"version": "4.1.2",
					"requires": {
						"call-bind": "^1.0.0",
						"define-properties": "^1.1.3",
						"has-symbols": "^1.0.1",
						"object-keys": "^1.1.1"
					}
				},
				"p-finally": {
					"version": "1.0.0"
				},
				"p-queue": {
					"version": "6.6.2",
					"requires": {
						"eventemitter3": "^4.0.4",
						"p-timeout": "^3.2.0"
					}
				},
				"p-retry": {
					"version": "4.6.1",
					"requires": {
						"@types/retry": "^0.12.0",
						"retry": "^0.13.1"
					}
				},
				"p-timeout": {
					"version": "3.2.0",
					"requires": {
						"p-finally": "^1.0.0"
					}
				},
				"pako": {
					"version": "2.0.4"
				},
				"pusher-js": {
					"version": "4.4.0",
					"requires": {
						"faye-websocket": "0.9.4",
						"tweetnacl": "^1.0.0",
						"tweetnacl-util": "^0.15.0",
						"xmlhttprequest": "^1.8.0"
					}
				},
				"regenerator-runtime": {
					"version": "0.13.9"
				},
				"retry": {
					"version": "0.13.1"
				},
				"rpc-websockets": {
					"version": "7.4.14",
					"requires": {
						"@babel/runtime": "^7.11.2",
						"bufferutil": "^4.0.1",
						"circular-json": "^0.5.9",
						"eventemitter3": "^4.0.7",
						"utf-8-validate": "^5.0.2",
						"uuid": "^8.3.0",
						"ws": "^7.4.5"
					},
					"dependencies": {
						"uuid": {
							"version": "8.3.2"
						}
					}
				},
				"safe-buffer": {
					"version": "5.2.1"
				},
				"secp256k1": {
					"version": "4.0.2",
					"requires": {
						"elliptic": "^6.5.2",
						"node-addon-api": "^2.0.0",
						"node-gyp-build": "^4.2.0"
					}
				},
				"semaphore": {
					"version": "1.1.0"
				},
				"side-channel": {
					"version": "1.0.4",
					"requires": {
						"call-bind": "^1.0.0",
						"get-intrinsic": "^1.0.2",
						"object-inspect": "^1.9.0"
					}
				},
				"snake-case": {
					"version": "3.0.4",
					"requires": {
						"dot-case": "^3.0.4",
						"tslib": "^2.0.3"
					}
				},
				"strict-event-emitter-types": {
					"version": "2.0.0"
				},
				"string.prototype.trimend": {
					"version": "1.0.4",
					"requires": {
						"call-bind": "^1.0.2",
						"define-properties": "^1.1.3"
					}
				},
				"string.prototype.trimstart": {
					"version": "1.0.4",
					"requires": {
						"call-bind": "^1.0.2",
						"define-properties": "^1.1.3"
					}
				},
				"superstruct": {
					"version": "0.14.2"
				},
				"text-encoding-utf-8": {
					"version": "1.0.2"
				},
				"through": {
					"version": "2.3.8"
				},
				"toml": {
					"version": "3.0.0"
				},
				"traverse-chain": {
					"version": "0.1.0"
				},
				"tslib": {
					"version": "2.3.1"
				},
				"tweetnacl": {
					"version": "1.0.3"
				},
				"tweetnacl-util": {
					"version": "0.15.1"
				},
				"unbox-primitive": {
					"version": "1.0.1",
					"requires": {
						"function-bind": "^1.1.1",
						"has-bigints": "^1.0.1",
						"has-symbols": "^1.0.2",
						"which-boxed-primitive": "^1.0.2"
					}
				},
				"utf-8-validate": {
					"version": "5.0.6",
					"optional": true,
					"requires": {
						"node-gyp-build": "^4.2.0"
					}
				},
				"util": {
					"version": "0.12.4",
					"requires": {
						"inherits": "^2.0.3",
						"is-arguments": "^1.0.4",
						"is-generator-function": "^1.0.7",
						"is-typed-array": "^1.1.3",
						"safe-buffer": "^5.1.2",
						"which-typed-array": "^1.1.2"
					}
				},
				"uuid": {
					"version": "3.4.0"
				},
				"websocket-driver": {
					"version": "0.7.4",
					"requires": {
						"http-parser-js": ">=0.5.1",
						"safe-buffer": ">=5.1.0",
						"websocket-extensions": ">=0.1.1"
					}
				},
				"websocket-extensions": {
					"version": "0.1.4"
				},
				"which-boxed-primitive": {
					"version": "1.0.2",
					"requires": {
						"is-bigint": "^1.0.1",
						"is-boolean-object": "^1.1.0",
						"is-number-object": "^1.0.4",
						"is-string": "^1.0.5",
						"is-symbol": "^1.0.3"
					}
				},
				"which-typed-array": {
					"version": "1.1.7",
					"requires": {
						"available-typed-arrays": "^1.0.5",
						"call-bind": "^1.0.2",
						"es-abstract": "^1.18.5",
						"foreach": "^2.0.5",
						"has-tostringtag": "^1.0.0",
						"is-typed-array": "^1.1.7"
					}
				},
				"ws": {
					"version": "7.5.5"
				},
				"xmlhttprequest": {
					"version": "1.8.0"
				}
			}
		}
	}
}
